
Microsoft Visual Studio Solution File, Format Version 12.00
# Visual Studio Version 17
VisualStudioVersion = 17.5.002.0
MinimumVisualStudioVersion = 10.0.40219.1
Project("{9A19103F-16F7-4668-BE54-9A1E7A4F7556}") = "DesafioFundamentos", "DesafioFundamentos.csproj", "{23E0317A-2E37-462D-AB1F-66E4367F3E1E}"
EndProject
Global
	GlobalSection(SolutionConfigurationPlatforms) = preSolution
		Debug|Any CPU = Debug|Any CPU
		Release|Any CPU = Release|Any CPU
	EndGlobalSection
	GlobalSection(ProjectConfigurationPlatforms) = postSolution
		{23E0317A-2E37-462D-AB1F-66E4367F3E1E}.Debug|Any CPU.ActiveCfg = Debug|Any CPU
		{23E0317A-2E37-462D-AB1F-66E4367F3E1E}.Debug|Any CPU.Build.0 = Debug|Any CPU
		{23E0317A-2E37-462D-AB1F-66E4367F3E1E}.Release|Any CPU.ActiveCfg = Release|Any CPU
		{23E0317A-2E37-462D-AB1F-66E4367F3E1E}.Release|Any CPU.Build.0 = Release|Any CPU
	EndGlobalSection
	GlobalSection(SolutionProperties) = preSolution
		HideSolutionNode = FALSE
	EndGlobalSection
	GlobalSection(ExtensibilityGlobals) = postSolution
		SolutionGuid = {1014BC3A-FB1D-49CF-8E9C-1BA17C8E8FE4}
	EndGlobalSection
EndGlobal
